
Microsoft Visual Studio Solution File, Format Version 12.00
# Visual Studio Version 16
VisualStudioVersion = 16.0.29123.88
MinimumVisualStudioVersion = 10.0.40219.1
Project("{2150E333-8FDC-42A3-9474-1A3956D46DE8}") = "src", "src", "{17CE798D-0BB1-4AAF-B9CA-DD74E890B8F5}"
EndProject
Project("{FAE04EC0-301F-11D3-BF4B-00C04F79EFBC}") = "Equals_Infra", "src\Infra\Equals_Infra\Equals_Infra.csproj", "{D9E45593-3BEA-4878-91C3-85551C479CE7}"
EndProject
Global
	GlobalSection(SolutionConfigurationPlatforms) = preSolution
		Debug|Any CPU = Debug|Any CPU
		Release|Any CPU = Release|Any CPU
	EndGlobalSection
	GlobalSection(ProjectConfigurationPlatforms) = postSolution
		{D9E45593-3BEA-4878-91C3-85551C479CE7}.Debug|Any CPU.ActiveCfg = Debug|Any CPU
		{D9E45593-3BEA-4878-91C3-85551C479CE7}.Debug|Any CPU.Build.0 = Debug|Any CPU
		{D9E45593-3BEA-4878-91C3-85551C479CE7}.Release|Any CPU.ActiveCfg = Release|Any CPU
		{D9E45593-3BEA-4878-91C3-85551C479CE7}.Release|Any CPU.Build.0 = Release|Any CPU
	EndGlobalSection
	GlobalSection(SolutionProperties) = preSolution
		HideSolutionNode = FALSE
	EndGlobalSection
	GlobalSection(NestedProjects) = preSolution
		{D9E45593-3BEA-4878-91C3-85551C479CE7} = {17CE798D-0BB1-4AAF-B9CA-DD74E890B8F5}
	EndGlobalSection
	GlobalSection(ExtensibilityGlobals) = postSolution
		SolutionGuid = {3CC247EE-5FD6-44C4-9E93-84380F269C57}
	EndGlobalSection
EndGlobal
